{
  "name": "Undangan",
  "lockfileVersion": 2,
  "requires": true,
  "packages": {
    "": {
      "dependencies": {
        "@flaticon/flaticon-uicons": "^1.7.0",
        "bootstrap": "^5.2.0-beta1",
        "bootstrap-icons": "^1.8.2",
        "jquery": "^3.6.0",
        "owl.carousel": "^2.3.4"
      }
    },
    "node_modules/@flaticon/flaticon-uicons": {
      "version": "1.7.0",
      "resolved": "https://registry.npmjs.org/@flaticon/flaticon-uicons/-/flaticon-uicons-1.7.0.tgz",
      "integrity": "sha512-bpcvplYZs8Wt5yIPeeOF41vwUaZeDQvJAlKJN9UQidS8xqTF2Cjkh7IZ4WcKNnSWeczslP0NgXwegS9VeR21tw==",
      "hasInstallScript": true,
      "optionalDependencies": {
        "esbuild-linux-64": "^0.14.5"
      }
    },
    "node_modules/@popperjs/core": {
      "version": "2.11.5",
      "resolved": "https://registry.npmjs.org/@popperjs/core/-/core-2.11.5.tgz",
      "integrity": "sha512-9X2obfABZuDVLCgPK9aX0a/x4jaOEweTTWE2+9sr0Qqqevj2Uv5XorvusThmc9XGYpS9yI+fhh8RTafBtGposw==",
      "peer": true,
      "funding": {
        "type": "opencollective",
        "url": "https://opencollective.com/popperjs"
      }
    },
    "node_modules/bootstrap": {
      "version": "5.2.0-beta1",
      "resolved": "https://registry.npmjs.org/bootstrap/-/bootstrap-5.2.0-beta1.tgz",
      "integrity": "sha512-6qbgs177WZEFY4SLQUq3tEHayYG80nfDmyTpdKi0MJqRMdS+HAoq24+YKfx6wf+nHY0rx8zrh477J1lFu4WzOA==",
      "funding": [
        {
          "type": "github",
          "url": "https://github.com/sponsors/twbs"
        },
        {
          "type": "opencollective",
          "url": "https://opencollective.com/bootstrap"
        }
      ],
      "peerDependencies": {
        "@popperjs/core": "^2.11.5"
      }
    },
    "node_modules/bootstrap-icons": {
      "version": "1.8.2",
      "resolved": "https://registry.npmjs.org/bootstrap-icons/-/bootstrap-icons-1.8.2.tgz",
      "integrity": "sha512-jhNjdPzvUqKOr9o0XhCZAZDWVeuOg6mJHtSj2bhiqfamZVg6ekMYNgG7pRY4GItbjIwrTaht3dNbXGbX3eJNLQ=="
    },
    "node_modules/esbuild-linux-64": {
      "version": "0.14.39",
      "resolved": "https://registry.npmjs.org/esbuild-linux-64/-/esbuild-linux-64-0.14.39.tgz",
      "integrity": "sha512-4tcgFDYWdI+UbNMGlua9u1Zhu0N5R6u9tl5WOM8aVnNX143JZoBZLpCuUr5lCKhnD0SCO+5gUyMfupGrHtfggQ==",
      "cpu": [
        "x64"
      ],
      "optional": true,
      "os": [
        "linux"
      ],
      "engines": {
        "node": ">=12"
      }
    },
    "node_modules/jquery": {
      "version": "3.6.0",
      "resolved": "https://registry.npmjs.org/jquery/-/jquery-3.6.0.tgz",
      "integrity": "sha512-JVzAR/AjBvVt2BmYhxRCSYysDsPcssdmTFnzyLEts9qNwmjmu4JTAMYubEfwVOSwpQ1I1sKKFcxhZCI2buerfw=="
    },
    "node_modules/owl.carousel": {
      "version": "2.3.4",
      "resolved": "https://registry.npmjs.org/owl.carousel/-/owl.carousel-2.3.4.tgz",
      "integrity": "sha512-JaDss9+feAvEW8KZppPSpllfposEzQiW+Ytt/Xm5t/3CTJ7YVmkh6RkWixoA2yXk2boIwedYxOvrrppIGzru9A==",
      "dependencies": {
        "jquery": ">=1.8.3"
      }
    }
  },
  "dependencies": {
    "@flaticon/flaticon-uicons": {
      "version": "1.7.0",
      "resolved": "https://registry.npmjs.org/@flaticon/flaticon-uicons/-/flaticon-uicons-1.7.0.tgz",
      "integrity": "sha512-bpcvplYZs8Wt5yIPeeOF41vwUaZeDQvJAlKJN9UQidS8xqTF2Cjkh7IZ4WcKNnSWeczslP0NgXwegS9VeR21tw==",
      "requires": {
        "esbuild-linux-64": "^0.14.5"
      }
    },
    "@popperjs/core": {
      "version": "2.11.5",
      "resolved": "https://registry.npmjs.org/@popperjs/core/-/core-2.11.5.tgz",
      "integrity": "sha512-9X2obfABZuDVLCgPK9aX0a/x4jaOEweTTWE2+9sr0Qqqevj2Uv5XorvusThmc9XGYpS9yI+fhh8RTafBtGposw==",
      "peer": true
    },
    "bootstrap": {
      "version": "5.2.0-beta1",
      "resolved": "https://registry.npmjs.org/bootstrap/-/bootstrap-5.2.0-beta1.tgz",
      "integrity": "sha512-6qbgs177WZEFY4SLQUq3tEHayYG80nfDmyTpdKi0MJqRMdS+HAoq24+YKfx6wf+nHY0rx8zrh477J1lFu4WzOA==",
      "requires": {}
    },
    "bootstrap-icons": {
      "version": "1.8.2",
      "resolved": "https://registry.npmjs.org/bootstrap-icons/-/bootstrap-icons-1.8.2.tgz",
      "integrity": "sha512-jhNjdPzvUqKOr9o0XhCZAZDWVeuOg6mJHtSj2bhiqfamZVg6ekMYNgG7pRY4GItbjIwrTaht3dNbXGbX3eJNLQ=="
    },
    "esbuild-linux-64": {
      "version": "0.14.39",
      "resolved": "https://registry.npmjs.org/esbuild-linux-64/-/esbuild-linux-64-0.14.39.tgz",
      "integrity": "sha512-4tcgFDYWdI+UbNMGlua9u1Zhu0N5R6u9tl5WOM8aVnNX143JZoBZLpCuUr5lCKhnD0SCO+5gUyMfupGrHtfggQ==",
      "optional": true
    },
    "jquery": {
      "version": "3.6.0",
      "resolved": "https://registry.npmjs.org/jquery/-/jquery-3.6.0.tgz",
      "integrity": "sha512-JVzAR/AjBvVt2BmYhxRCSYysDsPcssdmTFnzyLEts9qNwmjmu4JTAMYubEfwVOSwpQ1I1sKKFcxhZCI2buerfw=="
    },
    "owl.carousel": {
      "version": "2.3.4",
      "resolved": "https://registry.npmjs.org/owl.carousel/-/owl.carousel-2.3.4.tgz",
      "integrity": "sha512-JaDss9+feAvEW8KZppPSpllfposEzQiW+Ytt/Xm5t/3CTJ7YVmkh6RkWixoA2yXk2boIwedYxOvrrppIGzru9A==",
      "requires": {
        "jquery": ">=1.8.3"
      }
    }
  }
}
